// !$*UTF8*$!
{
	archiveVersion = 1;
	classes = {
	};
	objectVersion = 50;
	objects = {

/* Begin PBXBuildFile section */
		231DA40224058D7E00FB6C46 /* HostedFieldUI.h in Headers */ = {isa = PBXBuildFile; fileRef = 231DA40024058D7E00FB6C46 /* HostedFieldUI.h */; settings = {ATTRIBUTES = (Public, ); }; };
		231DA40924058D9900FB6C46 /* HostedFieldController.swift in Sources */ = {isa = PBXBuildFile; fileRef = 231DA40824058D9900FB6C46 /* HostedFieldController.swift */; };
		231DA40B24058DE700FB6C46 /* HostedFieldPostback.swift in Sources */ = {isa = PBXBuildFile; fileRef = 231DA40A24058DE700FB6C46 /* HostedFieldPostback.swift */; };
		231DA4332405908A00FB6C46 /* WebKit.framework in Frameworks */ = {isa = PBXBuildFile; fileRef = 231DA4322405908A00FB6C46 /* WebKit.framework */; };
		231DA437240591B700FB6C46 /* dist in Resources */ = {isa = PBXBuildFile; fileRef = 231DA436240591B700FB6C46 /* dist */; };
/* End PBXBuildFile section */

/* Begin PBXFileReference section */
		231DA3FD24058D7E00FB6C46 /* HostedFieldUI.framework */ = {isa = PBXFileReference; explicitFileType = wrapper.framework; includeInIndex = 0; path = HostedFieldUI.framework; sourceTree = BUILT_PRODUCTS_DIR; };
		231DA40024058D7E00FB6C46 /* HostedFieldUI.h */ = {isa = PBXFileReference; lastKnownFileType = sourcecode.c.h; path = HostedFieldUI.h; sourceTree = "<group>"; };
		231DA40124058D7E00FB6C46 /* Info.plist */ = {isa = PBXFileReference; lastKnownFileType = text.plist.xml; path = Info.plist; sourceTree = "<group>"; };
		231DA40824058D9900FB6C46 /* HostedFieldController.swift */ = {isa = PBXFileReference; lastKnownFileType = sourcecode.swift; path = HostedFieldController.swift; sourceTree = "<group>"; };
		231DA40A24058DE700FB6C46 /* HostedFieldPostback.swift */ = {isa = PBXFileReference; lastKnownFileType = sourcecode.swift; path = HostedFieldPostback.swift; sourceTree = "<group>"; };
		231DA4322405908A00FB6C46 /* WebKit.framework */ = {isa = PBXFileReference; lastKnownFileType = wrapper.framework; name = WebKit.framework; path = Platforms/MacOSX.platform/Developer/SDKs/MacOSX10.15.sdk/System/Library/Frameworks/WebKit.framework; sourceTree = DEVELOPER_DIR; };
		231DA436240591B700FB6C46 /* dist */ = {isa = PBXFileReference; lastKnownFileType = folder; name = dist; path = html/dist; sourceTree = "<group>"; };
/* End PBXFileReference section */

/* Begin PBXFrameworksBuildPhase section */
		231DA3FA24058D7E00FB6C46 /* Frameworks */ = {
			isa = PBXFrameworksBuildPhase;
			buildActionMask = 2147483647;
			files = (
				231DA4332405908A00FB6C46 /* WebKit.framework in Frameworks */,
			);
			runOnlyForDeploymentPostprocessing = 0;
		};
/* End PBXFrameworksBuildPhase section */

/* Begin PBXGroup section */
		231DA3F324058D7E00FB6C46 = {
			isa = PBXGroup;
			children = (
				231DA436240591B700FB6C46 /* dist */,
				231DA3FF24058D7E00FB6C46 /* HostedFieldUI */,
				231DA3FE24058D7E00FB6C46 /* Products */,
				231DA4312405908A00FB6C46 /* Frameworks */,
			);
			sourceTree = "<group>";
		};
		231DA3FE24058D7E00FB6C46 /* Products */ = {
			isa = PBXGroup;
			children = (
				231DA3FD24058D7E00FB6C46 /* HostedFieldUI.framework */,
			);
			name = Products;
			sourceTree = "<group>";
		};
		231DA3FF24058D7E00FB6C46 /* HostedFieldUI */ = {
			isa = PBXGroup;
			children = (
				231DA40A24058DE700FB6C46 /* HostedFieldPostback.swift */,
				231DA40824058D9900FB6C46 /* HostedFieldController.swift */,
				231DA40024058D7E00FB6C46 /* HostedFieldUI.h */,
				231DA40124058D7E00FB6C46 /* Info.plist */,
			);
			path = HostedFieldUI;
			sourceTree = "<group>";
		};
		231DA4312405908A00FB6C46 /* Frameworks */ = {
			isa = PBXGroup;
			children = (
				231DA4322405908A00FB6C46 /* WebKit.framework */,
			);
			name = Frameworks;
			sourceTree = "<group>";
		};
/* End PBXGroup section */

/* Begin PBXHeadersBuildPhase section */
		231DA3F824058D7E00FB6C46 /* Headers */ = {
			isa = PBXHeadersBuildPhase;
			buildActionMask = 2147483647;
			files = (
				231DA40224058D7E00FB6C46 /* HostedFieldUI.h in Headers */,
			);
			runOnlyForDeploymentPostprocessing = 0;
		};
/* End PBXHeadersBuildPhase section */

/* Begin PBXNativeTarget section */
		231DA3FC24058D7E00FB6C46 /* HostedFieldUI */ = {
			isa = PBXNativeTarget;
			buildConfigurationList = 231DA40524058D7E00FB6C46 /* Build configuration list for PBXNativeTarget "HostedFieldUI" */;
			buildPhases = (
				231DA3F824058D7E00FB6C46 /* Headers */,
				231DA3F924058D7E00FB6C46 /* Sources */,
				231DA3FA24058D7E00FB6C46 /* Frameworks */,
				231DA3FB24058D7E00FB6C46 /* Resources */,
			);
			buildRules = (
			);
			dependencies = (
			);
			name = HostedFieldUI;
			productName = HostedFieldUI;
			productReference = 231DA3FD24058D7E00FB6C46 /* HostedFieldUI.framework */;
			productType = "com.apple.product-type.framework";
		};
/* End PBXNativeTarget section */

/* Begin PBXProject section */
		231DA3F424058D7E00FB6C46 /* Project object */ = {
			isa = PBXProject;
			attributes = {
				LastUpgradeCheck = 1130;
				TargetAttributes = {
					231DA3FC24058D7E00FB6C46 = {
						CreatedOnToolsVersion = 11.3.1;
					};
				};
			};
			buildConfigurationList = 231DA3F724058D7E00FB6C46 /* Build configuration list for PBXProject "HostedFieldUI" */;
			compatibilityVersion = "Xcode 9.3";
			developmentRegion = en;
			hasScannedForEncodings = 0;
			knownRegions = (
				en,
				Base,
			);
			mainGroup = 231DA3F324058D7E00FB6C46;
			productRefGroup = 231DA3FE24058D7E00FB6C46 /* Products */;
			projectDirPath = "";
			projectRoot = "";
			targets = (
				231DA3FC24058D7E00FB6C46 /* HostedFieldUI */,
			);
		};
/* End PBXProject section */

/* Begin PBXResourcesBuildPhase section */
		231DA3FB24058D7E00FB6C46 /* Resources */ = {
			isa = PBXResourcesBuildPhase;
			buildActionMask = 2147483647;
			files = (
				231DA437240591B700FB6C46 /* dist in Resources */,
			);
			runOnlyForDeploymentPostprocessing = 0;
		};
/* End PBXResourcesBuildPhase section */

/* Begin PBXSourcesBuildPhase section */
		231DA3F924058D7E00FB6C46 /* Sources */ = {
			isa = PBXSourcesBuildPhase;
			buildActionMask = 2147483647;
			files = (
				231DA40B24058DE700FB6C46 /* HostedFieldPostback.swift in Sources */,
				231DA40924058D9900FB6C46 /* HostedFieldController.swift in Sources */,
			);
			runOnlyForDeploymentPostprocessing = 0;
		};
/* End PBXSourcesBuildPhase section */

/* Begin XCBuildConfiguration section */
		231DA40324058D7E00FB6C46 /* Debug */ = {
			isa = XCBuildConfiguration;
			buildSettings = {
				ALWAYS_SEARCH_USER_PATHS = NO;
				CLANG_ANALYZER_NONNULL = YES;
				CLANG_ANALYZER_NUMBER_OBJECT_CONVERSION = YES_AGGRESSIVE;
				CLANG_CXX_LANGUAGE_STANDARD = "gnu++14";
				CLANG_CXX_LIBRARY = "libc++";
				CLANG_ENABLE_MODULES = YES;
				CLANG_ENABLE_OBJC_ARC = YES;
				CLANG_ENABLE_OBJC_WEAK = YES;
				CLANG_WARN_BLOCK_CAPTURE_AUTORELEASING = YES;
				CLANG_WARN_BOOL_CONVERSION = YES;
				CLANG_WARN_COMMA = YES;
				CLANG_WARN_CONSTANT_CONVERSION = YES;
				CLANG_WARN_DEPRECATED_OBJC_IMPLEMENTATIONS = YES;
				CLANG_WARN_DIRECT_OBJC_ISA_USAGE = YES_ERROR;
				CLANG_WARN_DOCUMENTATION_COMMENTS = YES;
				CLANG_WARN_EMPTY_BODY = YES;
				CLANG_WARN_ENUM_CONVERSION = YES;
				CLANG_WARN_INFINITE_RECURSION = YES;
				CLANG_WARN_INT_CONVERSION = YES;
				CLANG_WARN_NON_LITERAL_NULL_CONVERSION = YES;
				CLANG_WARN_OBJC_IMPLICIT_RETAIN_SELF = YES;
				CLANG_WARN_OBJC_LITERAL_CONVERSION = YES;
				CLANG_WARN_OBJC_ROOT_CLASS = YES_ERROR;
				CLANG_WARN_RANGE_LOOP_ANALYSIS = YES;
				CLANG_WARN_STRICT_PROTOTYPES = YES;
				CLANG_WARN_SUSPICIOUS_MOVE = YES;
				CLANG_WARN_UNGUARDED_AVAILABILITY = YES_AGGRESSIVE;
				CLANG_WARN_UNREACHABLE_CODE = YES;
				CLANG_WARN__DUPLICATE_METHOD_MATCH = YES;
				COPY_PHASE_STRIP = NO;
				CURRENT_PROJECT_VERSION = 1;
				DEBUG_INFORMATION_FORMAT = dwarf;
				ENABLE_STRICT_OBJC_MSGSEND = YES;
				ENABLE_TESTABILITY = YES;
				GCC_C_LANGUAGE_STANDARD = gnu11;
				GCC_DYNAMIC_NO_PIC = NO;
				GCC_NO_COMMON_BLOCKS = YES;
				GCC_OPTIMIZATION_LEVEL = 0;
				GCC_PREPROCESSOR_DEFINITIONS = (
					"DEBUG=1",
					"$(inherited)",
				);
				GCC_WARN_64_TO_32_BIT_CONVERSION = YES;
				GCC_WARN_ABOUT_RETURN_TYPE = YES_ERROR;
				GCC_WARN_UNDECLARED_SELECTOR = YES;
				GCC_WARN_UNINITIALIZED_AUTOS = YES_AGGRESSIVE;
				GCC_WARN_UNUSED_FUNCTION = YES;
				GCC_WARN_UNUSED_VARIABLE = YES;
				IPHONEOS_DEPLOYMENT_TARGET = 13.2;
				MTL_ENABLE_DEBUG_INFO = INCLUDE_SOURCE;
				MTL_FAST_MATH = YES;
				ONLY_ACTIVE_ARCH = YES;
				SDKROOT = iphoneos;
				SWIFT_ACTIVE_COMPILATION_CONDITIONS = DEBUG;
				SWIFT_OPTIMIZATION_LEVEL = "-Onone";
				VERSIONING_SYSTEM = "apple-generic";
				VERSION_INFO_PREFIX = "";
			};
			name = Debug;
		};
		231DA40424058D7E00FB6C46 /* Release */ = {
			isa = XCBuildConfiguration;
			buildSettings = {
				ALWAYS_SEARCH_USER_PATHS = NO;
				CLANG_ANALYZER_NONNULL = YES;
				CLANG_ANALYZER_NUMBER_OBJECT_CONVERSION = YES_AGGRESSIVE;
				CLANG_CXX_LANGUAGE_STANDARD = "gnu++14";
				CLANG_CXX_LIBRARY = "libc++";
				CLANG_ENABLE_MODULES = YES;
				CLANG_ENABLE_OBJC_ARC = YES;
				CLANG_ENABLE_OBJC_WEAK = YES;
				CLANG_WARN_BLOCK_CAPTURE_AUTORELEASING = YES;
				CLANG_WARN_BOOL_CONVERSION = YES;
				CLANG_WARN_COMMA = YES;
				CLANG_WARN_CONSTANT_CONVERSION = YES;
				CLANG_WARN_DEPRECATED_OBJC_IMPLEMENTATIONS = YES;
				CLANG_WARN_DIRECT_OBJC_ISA_USAGE = YES_ERROR;
				CLANG_WARN_DOCUMENTATION_COMMENTS = YES;
				CLANG_WARN_EMPTY_BODY = YES;
				CLANG_WARN_ENUM_CONVERSION = YES;
				CLANG_WARN_INFINITE_RECURSION = YES;
				CLANG_WARN_INT_CONVERSION = YES;
				CLANG_WARN_NON_LITERAL_NULL_CONVERSION = YES;
				CLANG_WARN_OBJC_IMPLICIT_RETAIN_SELF = YES;
				CLANG_WARN_OBJC_LITERAL_CONVERSION = YES;
				CLANG_WARN_OBJC_ROOT_CLASS = YES_ERROR;
				CLANG_WARN_RANGE_LOOP_ANALYSIS = YES;
				CLANG_WARN_STRICT_PROTOTYPES = YES;
				CLANG_WARN_SUSPICIOUS_MOVE = YES;
				CLANG_WARN_UNGUARDED_AVAILABILITY = YES_AGGRESSIVE;
				CLANG_WARN_UNREACHABLE_CODE = YES;
				CLANG_WARN__DUPLICATE_METHOD_MATCH = YES;
				COPY_PHASE_STRIP = NO;
				CURRENT_PROJECT_VERSION = 1;
				DEBUG_INFORMATION_FORMAT = "dwarf-with-dsym";
				ENABLE_NS_ASSERTIONS = NO;
				ENABLE_STRICT_OBJC_MSGSEND = YES;
				GCC_C_LANGUAGE_STANDARD = gnu11;
				GCC_NO_COMMON_BLOCKS = YES;
				GCC_WARN_64_TO_32_BIT_CONVERSION = YES;
				GCC_WARN_ABOUT_RETURN_TYPE = YES_ERROR;
				GCC_WARN_UNDECLARED_SELECTOR = YES;
				GCC_WARN_UNINITIALIZED_AUTOS = YES_AGGRESSIVE;
				GCC_WARN_UNUSED_FUNCTION = YES;
				GCC_WARN_UNUSED_VARIABLE = YES;
				IPHONEOS_DEPLOYMENT_TARGET = 13.2;
				MTL_ENABLE_DEBUG_INFO = NO;
				MTL_FAST_MATH = YES;
				SDKROOT = iphoneos;
				SWIFT_COMPILATION_MODE = wholemodule;
				SWIFT_OPTIMIZATION_LEVEL = "-O";
				VALIDATE_PRODUCT = YES;
				VERSIONING_SYSTEM = "apple-generic";
				VERSION_INFO_PREFIX = "";
			};
			name = Release;
		};
		231DA40624058D7E00FB6C46 /* Debug */ = {
			isa = XCBuildConfiguration;
			buildSettings = {
				CODE_SIGN_STYLE = Automatic;
				DEFINES_MODULE = YES;
				DYLIB_COMPATIBILITY_VERSION = 1;
				DYLIB_CURRENT_VERSION = 1;
				DYLIB_INSTALL_NAME_BASE = "@rpath";
				INFOPLIST_FILE = HostedFieldUI/Info.plist;
				INSTALL_PATH = "$(LOCAL_LIBRARY_DIR)/Frameworks";
				LD_RUNPATH_SEARCH_PATHS = (
					"$(inherited)",
					"@executable_path/Frameworks",
					"@loader_path/Frameworks",
				);
				PRODUCT_BUNDLE_IDENTIFIER = com.braintree.example.HostedFieldUI;
				PRODUCT_NAME = "$(TARGET_NAME:c99extidentifier)";
				SKIP_INSTALL = YES;
				SUPPORTS_MACCATALYST = NO;
				SWIFT_VERSION = 5.0;
				TARGETED_DEVICE_FAMILY = 1;
			};
			name = Debug;
		};
		231DA40724058D7E00FB6C46 /* Release */ = {
			isa = XCBuildConfiguration;
			buildSettings = {
				CODE_SIGN_STYLE = Automatic;
				DEFINES_MODULE = YES;
				DYLIB_COMPATIBILITY_VERSION = 1;
				DYLIB_CURRENT_VERSION = 1;
				DYLIB_INSTALL_NAME_BASE = "@rpath";
				INFOPLIST_FILE = HostedFieldUI/Info.plist;
				INSTALL_PATH = "$(LOCAL_LIBRARY_DIR)/Frameworks";
				LD_RUNPATH_SEARCH_PATHS = (
					"$(inherited)",
					"@executable_path/Frameworks",
					"@loader_path/Frameworks",
				);
				PRODUCT_BUNDLE_IDENTIFIER = com.braintree.example.HostedFieldUI;
				PRODUCT_NAME = "$(TARGET_NAME:c99extidentifier)";
				SKIP_INSTALL = YES;
				SUPPORTS_MACCATALYST = NO;
				SWIFT_VERSION = 5.0;
				TARGETED_DEVICE_FAMILY = 1;
			};
			name = Release;
		};
/* End XCBuildConfiguration section */

/* Begin XCConfigurationList section */
		231DA3F724058D7E00FB6C46 /* Build configuration list for PBXProject "HostedFieldUI" */ = {
			isa = XCConfigurationList;
			buildConfigurations = (
				231DA40324058D7E00FB6C46 /* Debug */,
				231DA40424058D7E00FB6C46 /* Release */,
			);
			defaultConfigurationIsVisible = 0;
			defaultConfigurationName = Release;
		};
		231DA40524058D7E00FB6C46 /* Build configuration list for PBXNativeTarget "HostedFieldUI" */ = {
			isa = XCConfigurationList;
			buildConfigurations = (
				231DA40624058D7E00FB6C46 /* Debug */,
				231DA40724058D7E00FB6C46 /* Release */,
			);
			defaultConfigurationIsVisible = 0;
			defaultConfigurationName = Release;
		};
/* End XCConfigurationList section */
	};
	rootObject = 231DA3F424058D7E00FB6C46 /* Project object */;
}
